# This file is automatically @generated by pesde.
# It is not intended for manual editing.
format = 2
name = "lune_utils/nobloxluau"
version = "0.1.0"
target = "lune"

[graph."lune_utils/roxios@0.1.0 lune"]
direct = ["roxios", { repo = "https://github.com/lune-utils/roxios.git", rev = "4aaaa56" }, "standard"]

[graph."lune_utils/roxios@0.1.0 lune".dependencies]
future = ["yetanotherclown/luau_futures@2.0.0-beta.3 luau", "standard"]

[graph."lune_utils/roxios@0.1.0 lune".pkg_ref]
ref_ty = "git"
repo = "https://github.com/lune-utils/roxios.git"
tree_id = "81d06460c02e6aee87379df27ae024b5db6a5f19"
new_structure = true

[graph."lune_utils/roxios@0.1.0 lune".pkg_ref.dependencies]
future = [{ name = "yetanotherclown/luau_futures", version = "^2.0.0-beta.3", index = "https://github.com/pesde-pkg/index", target = "luau" }, "standard"]

[graph."yetanotherclown/luau_futures@2.0.0-beta.3 luau".pkg_ref]
ref_ty = "pesde"
index_url = "https://github.com/pesde-pkg/index"
